
Microsoft Visual Studio Solution File, Format Version 12.00
# Visual Studio Version 17
VisualStudioVersion = 17.5.33414.496
MinimumVisualStudioVersion = 10.0.40219.1
Project("{FAE04EC0-301F-11D3-BF4B-00C04F79EFBC}") = "Lab02", "Lab02.csproj", "{61C5BC8E-0CF3-4DD1-8BCC-C60BE9C80B6E}"
EndProject
Global
	GlobalSection(SolutionConfigurationPlatforms) = preSolution
		Debug|Any CPU = Debug|Any CPU
		Release|Any CPU = Release|Any CPU
	EndGlobalSection
	GlobalSection(ProjectConfigurationPlatforms) = postSolution
		{61C5BC8E-0CF3-4DD1-8BCC-C60BE9C80B6E}.Debug|Any CPU.ActiveCfg = Debug|Any CPU
		{61C5BC8E-0CF3-4DD1-8BCC-C60BE9C80B6E}.Debug|Any CPU.Build.0 = Debug|Any CPU
		{61C5BC8E-0CF3-4DD1-8BCC-C60BE9C80B6E}.Release|Any CPU.ActiveCfg = Release|Any CPU
		{61C5BC8E-0CF3-4DD1-8BCC-C60BE9C80B6E}.Release|Any CPU.Build.0 = Release|Any CPU
	EndGlobalSection
	GlobalSection(SolutionProperties) = preSolution
		HideSolutionNode = FALSE
	EndGlobalSection
	GlobalSection(ExtensibilityGlobals) = postSolution
		SolutionGuid = {79C47BF4-81AF-4828-BF24-34BB6F91DCF3}
	EndGlobalSection
EndGlobal
